
Microsoft Visual Studio Solution File, Format Version 12.00
# Visual Studio Version 16
VisualStudioVersion = 16.0.30309.148
MinimumVisualStudioVersion = 10.0.40219.1
Project("{FAE04EC0-301F-11D3-BF4B-00C04F79EFBC}") = "SmileyScript", "SmileyScript\SmileyScript.csproj", "{D21CAA53-6922-4564-82F9-916D47E829E3}"
EndProject
Global
	GlobalSection(SolutionConfigurationPlatforms) = preSolution
		Debug|Any CPU = Debug|Any CPU
		Release|Any CPU = Release|Any CPU
	EndGlobalSection
	GlobalSection(ProjectConfigurationPlatforms) = postSolution
		{D21CAA53-6922-4564-82F9-916D47E829E3}.Debug|Any CPU.ActiveCfg = Debug|Any CPU
		{D21CAA53-6922-4564-82F9-916D47E829E3}.Debug|Any CPU.Build.0 = Debug|Any CPU
		{D21CAA53-6922-4564-82F9-916D47E829E3}.Release|Any CPU.ActiveCfg = Release|Any CPU
		{D21CAA53-6922-4564-82F9-916D47E829E3}.Release|Any CPU.Build.0 = Release|Any CPU
	EndGlobalSection
	GlobalSection(SolutionProperties) = preSolution
		HideSolutionNode = FALSE
	EndGlobalSection
	GlobalSection(ExtensibilityGlobals) = postSolution
		SolutionGuid = {BD005B4B-11AC-48B1-843A-24BF73BE9609}
	EndGlobalSection
EndGlobal
